Microsoft Visual Studio Solution File, Format Version 12.00
# Visual Studio Version 17
VisualStudioVersion = 17.5.2.0
MinimumVisualStudioVersion = 10.0.40219.1
Project("{FAE04EC0-301F-11D3-BF4B-00C04F79EFBC}") = "Cuble Esportes", "Cuble Esportes.csproj", "{E0B37657-3EA6-5085-E515-92CB12AA5BFF}"
EndProject
Global
	GlobalSection(SolutionConfigurationPlatforms) = preSolution
		Debug|Any CPU = Debug|Any CPU
		Release|Any CPU = Release|Any CPU
	EndGlobalSection
	GlobalSection(ProjectConfigurationPlatforms) = postSolution
		{E0B37657-3EA6-5085-E515-92CB12AA5BFF}.Debug|Any CPU.ActiveCfg = Debug|Any CPU
		{E0B37657-3EA6-5085-E515-92CB12AA5BFF}.Debug|Any CPU.Build.0 = Debug|Any CPU
		{E0B37657-3EA6-5085-E515-92CB12AA5BFF}.Release|Any CPU.ActiveCfg = Release|Any CPU
		{E0B37657-3EA6-5085-E515-92CB12AA5BFF}.Release|Any CPU.Build.0 = Release|Any CPU
	EndGlobalSection
	GlobalSection(SolutionProperties) = preSolution
		HideSolutionNode = FALSE
	EndGlobalSection
	GlobalSection(ExtensibilityGlobals) = postSolution
		SolutionGuid = {CA9B6373-1B60-4659-B469-F926475B43F9}
	EndGlobalSection
EndGlobal
